// !$*UTF8*$!
{
	archiveVersion = 1;
	classes = {
	};
	objectVersion = 46;
	objects = {

/* Begin PBXBuildFile section */
		DCF85C5119CF8505005497FF /* AppDelegate.swift in Sources */ = {isa = PBXBuildFile; fileRef = DCF85C5019CF8505005497FF /* AppDelegate.swift */; };
		DCF85C5319CF8505005497FF /* ViewController.swift in Sources */ = {isa = PBXBuildFile; fileRef = DCF85C5219CF8505005497FF /* ViewController.swift */; };
		DCF85C5619CF8505005497FF /* Main.storyboard in Resources */ = {isa = PBXBuildFile; fileRef = DCF85C5419CF8505005497FF /* Main.storyboard */; };
		DCF85C5819CF8505005497FF /* Images.xcassets in Resources */ = {isa = PBXBuildFile; fileRef = DCF85C5719CF8505005497FF /* Images.xcassets */; };
		DCF85C6419CF8505005497FF /* DropdownListTests.swift in Sources */ = {isa = PBXBuildFile; fileRef = DCF85C6319CF8505005497FF /* DropdownListTests.swift */; };
		DCF85C6E19CF85BC005497FF /* Dropdown.swift in Sources */ = {isa = PBXBuildFile; fileRef = DCF85C6D19CF85BC005497FF /* Dropdown.swift */; };
/* End PBXBuildFile section */

/* Begin PBXContainerItemProxy section */
		DCF85C5E19CF8505005497FF /* PBXContainerItemProxy */ = {
			isa = PBXContainerItemProxy;
			containerPortal = DCF85C4319CF8505005497FF /* Project object */;
			proxyType = 1;
			remoteGlobalIDString = DCF85C4A19CF8505005497FF;
			remoteInfo = DropdownList;
		};
/* End PBXContainerItemProxy section */

/* Begin PBXFileReference section */
		DCF85C4B19CF8505005497FF /* DropdownList.app */ = {isa = PBXFileReference; explicitFileType = wrapper.application; includeInIndex = 0; path = DropdownList.app; sourceTree = BUILT_PRODUCTS_DIR; };
		DCF85C4F19CF8505005497FF /* Info.plist */ = {isa = PBXFileReference; lastKnownFileType = text.plist.xml; path = Info.plist; sourceTree = "<group>"; };
		DCF85C5019CF8505005497FF /* AppDelegate.swift */ = {isa = PBXFileReference; lastKnownFileType = sourcecode.swift; path = AppDelegate.swift; sourceTree = "<group>"; };
		DCF85C5219CF8505005497FF /* ViewController.swift */ = {isa = PBXFileReference; lastKnownFileType = sourcecode.swift; path = ViewController.swift; sourceTree = "<group>"; };
		DCF85C5519CF8505005497FF /* Base */ = {isa = PBXFileReference; lastKnownFileType = file.storyboard; name = Base; path = Base.lproj/Main.storyboard; sourceTree = "<group>"; };
		DCF85C5719CF8505005497FF /* Images.xcassets */ = {isa = PBXFileReference; lastKnownFileType = folder.assetcatalog; path = Images.xcassets; sourceTree = "<group>"; };
		DCF85C5D19CF8505005497FF /* DropdownListTests.xctest */ = {isa = PBXFileReference; explicitFileType = wrapper.cfbundle; includeInIndex = 0; path = DropdownListTests.xctest; sourceTree = BUILT_PRODUCTS_DIR; };
		DCF85C6219CF8505005497FF /* Info.plist */ = {isa = PBXFileReference; lastKnownFileType = text.plist.xml; path = Info.plist; sourceTree = "<group>"; };
		DCF85C6319CF8505005497FF /* DropdownListTests.swift */ = {isa = PBXFileReference; lastKnownFileType = sourcecode.swift; path = DropdownListTests.swift; sourceTree = "<group>"; };
		DCF85C6D19CF85BC005497FF /* Dropdown.swift */ = {isa = PBXFileReference; fileEncoding = 4; lastKnownFileType = sourcecode.swift; path = Dropdown.swift; sourceTree = "<group>"; };
/* End PBXFileReference section */

/* Begin PBXFrameworksBuildPhase section */
		DCF85C4819CF8505005497FF /* Frameworks */ = {
			isa = PBXFrameworksBuildPhase;
			buildActionMask = 2147483647;
			files = (
			);
			runOnlyForDeploymentPostprocessing = 0;
		};
		DCF85C5A19CF8505005497FF /* Frameworks */ = {
			isa = PBXFrameworksBuildPhase;
			buildActionMask = 2147483647;
			files = (
			);
			runOnlyForDeploymentPostprocessing = 0;
		};
/* End PBXFrameworksBuildPhase section */

/* Begin PBXGroup section */
		DCF85C4219CF8505005497FF = {
			isa = PBXGroup;
			children = (
				DCF85C4D19CF8505005497FF /* DropdownList */,
				DCF85C6019CF8505005497FF /* DropdownListTests */,
				DCF85C4C19CF8505005497FF /* Products */,
			);
			sourceTree = "<group>";
		};
		DCF85C4C19CF8505005497FF /* Products */ = {
			isa = PBXGroup;
			children = (
				DCF85C4B19CF8505005497FF /* DropdownList.app */,
				DCF85C5D19CF8505005497FF /* DropdownListTests.xctest */,
			);
			name = Products;
			sourceTree = "<group>";
		};
		DCF85C4D19CF8505005497FF /* DropdownList */ = {
			isa = PBXGroup;
			children = (
				DCF85C5019CF8505005497FF /* AppDelegate.swift */,
				DCF85C5219CF8505005497FF /* ViewController.swift */,
				DCF85C6D19CF85BC005497FF /* Dropdown.swift */,
				DCF85C5419CF8505005497FF /* Main.storyboard */,
				DCF85C5719CF8505005497FF /* Images.xcassets */,
				DCF85C4E19CF8505005497FF /* Supporting Files */,
			);
			path = DropdownList;
			sourceTree = "<group>";
		};
		DCF85C4E19CF8505005497FF /* Supporting Files */ = {
			isa = PBXGroup;
			children = (
				DCF85C4F19CF8505005497FF /* Info.plist */,
			);
			name = "Supporting Files";
			sourceTree = "<group>";
		};
		DCF85C6019CF8505005497FF /* DropdownListTests */ = {
			isa = PBXGroup;
			children = (
				DCF85C6319CF8505005497FF /* DropdownListTests.swift */,
				DCF85C6119CF8505005497FF /* Supporting Files */,
			);
			path = DropdownListTests;
			sourceTree = "<group>";
		};
		DCF85C6119CF8505005497FF /* Supporting Files */ = {
			isa = PBXGroup;
			children = (
				DCF85C6219CF8505005497FF /* Info.plist */,
			);
			name = "Supporting Files";
			sourceTree = "<group>";
		};
/* End PBXGroup section */

/* Begin PBXNativeTarget section */
		DCF85C4A19CF8505005497FF /* DropdownList */ = {
			isa = PBXNativeTarget;
			buildConfigurationList = DCF85C6719CF8505005497FF /* Build configuration list for PBXNativeTarget "DropdownList" */;
			buildPhases = (
				DCF85C4719CF8505005497FF /* Sources */,
				DCF85C4819CF8505005497FF /* Frameworks */,
				DCF85C4919CF8505005497FF /* Resources */,
			);
			buildRules = (
			);
			dependencies = (
			);
			name = DropdownList;
			productName = DropdownList;
			productReference = DCF85C4B19CF8505005497FF /* DropdownList.app */;
			productType = "com.apple.product-type.application";
		};
		DCF85C5C19CF8505005497FF /* DropdownListTests */ = {
			isa = PBXNativeTarget;
			buildConfigurationList = DCF85C6A19CF8505005497FF /* Build configuration list for PBXNativeTarget "DropdownListTests" */;
			buildPhases = (
				DCF85C5919CF8505005497FF /* Sources */,
				DCF85C5A19CF8505005497FF /* Frameworks */,
				DCF85C5B19CF8505005497FF /* Resources */,
			);
			buildRules = (
			);
			dependencies = (
				DCF85C5F19CF8505005497FF /* PBXTargetDependency */,
			);
			name = DropdownListTests;
			productName = DropdownListTests;
			productReference = DCF85C5D19CF8505005497FF /* DropdownListTests.xctest */;
			productType = "com.apple.product-type.bundle.unit-test";
		};
/* End PBXNativeTarget section */

/* Begin PBXProject section */
		DCF85C4319CF8505005497FF /* Project object */ = {
			isa = PBXProject;
			attributes = {
				LastUpgradeCheck = 0600;
				ORGANIZATIONNAME = gulingfeng;
				TargetAttributes = {
					DCF85C4A19CF8505005497FF = {
						CreatedOnToolsVersion = 6.0;
					};
					DCF85C5C19CF8505005497FF = {
						CreatedOnToolsVersion = 6.0;
						TestTargetID = DCF85C4A19CF8505005497FF;
					};
				};
			};
			buildConfigurationList = DCF85C4619CF8505005497FF /* Build configuration list for PBXProject "DropdownList" */;
			compatibilityVersion = "Xcode 3.2";
			developmentRegion = English;
			hasScannedForEncodings = 0;
			knownRegions = (
				en,
				Base,
			);
			mainGroup = DCF85C4219CF8505005497FF;
			productRefGroup = DCF85C4C19CF8505005497FF /* Products */;
			projectDirPath = "";
			projectRoot = "";
			targets = (
				DCF85C4A19CF8505005497FF /* DropdownList */,
				DCF85C5C19CF8505005497FF /* DropdownListTests */,
			);
		};
/* End PBXProject section */

/* Begin PBXResourcesBuildPhase section */
		DCF85C4919CF8505005497FF /* Resources */ = {
			isa = PBXResourcesBuildPhase;
			buildActionMask = 2147483647;
			files = (
				DCF85C5619CF8505005497FF /* Main.storyboard in Resources */,
				DCF85C5819CF8505005497FF /* Images.xcassets in Resources */,
			);
			runOnlyForDeploymentPostprocessing = 0;
		};
		DCF85C5B19CF8505005497FF /* Resources */ = {
			isa = PBXResourcesBuildPhase;
			buildActionMask = 2147483647;
			files = (
			);
			runOnlyForDeploymentPostprocessing = 0;
		};
/* End PBXResourcesBuildPhase section */

/* Begin PBXSourcesBuildPhase section */
		DCF85C4719CF8505005497FF /* Sources */ = {
			isa = PBXSourcesBuildPhase;
			buildActionMask = 2147483647;
			files = (
				DCF85C5319CF8505005497FF /* ViewController.swift in Sources */,
				DCF85C6E19CF85BC005497FF /* Dropdown.swift in Sources */,
				DCF85C5119CF8505005497FF /* AppDelegate.swift in Sources */,
			);
			runOnlyForDeploymentPostprocessing = 0;
		};
		DCF85C5919CF8505005497FF /* Sources */ = {
			isa = PBXSourcesBuildPhase;
			buildActionMask = 2147483647;
			files = (
				DCF85C6419CF8505005497FF /* DropdownListTests.swift in Sources */,
			);
			runOnlyForDeploymentPostprocessing = 0;
		};
/* End PBXSourcesBuildPhase section */

/* Begin PBXTargetDependency section */
		DCF85C5F19CF8505005497FF /* PBXTargetDependency */ = {
			isa = PBXTargetDependency;
			target = DCF85C4A19CF8505005497FF /* DropdownList */;
			targetProxy = DCF85C5E19CF8505005497FF /* PBXContainerItemProxy */;
		};
/* End PBXTargetDependency section */

/* Begin PBXVariantGroup section */
		DCF85C5419CF8505005497FF /* Main.storyboard */ = {
			isa = PBXVariantGroup;
			children = (
				DCF85C5519CF8505005497FF /* Base */,
			);
			name = Main.storyboard;
			sourceTree = "<group>";
		};
/* End PBXVariantGroup section */

/* Begin XCBuildConfiguration section */
		DCF85C6519CF8505005497FF /* Debug */ = {
			isa = XCBuildConfiguration;
			buildSettings = {
				ALWAYS_SEARCH_USER_PATHS = NO;
				CLANG_CXX_LANGUAGE_STANDARD = "gnu++0x";
				CLANG_CXX_LIBRARY = "libc++";
				CLANG_ENABLE_MODULES = YES;
				CLANG_ENABLE_OBJC_ARC = YES;
				CLANG_WARN_BOOL_CONVERSION = YES;
				CLANG_WARN_CONSTANT_CONVERSION = YES;
				CLANG_WARN_DIRECT_OBJC_ISA_USAGE = YES_ERROR;
				CLANG_WARN_EMPTY_BODY = YES;
				CLANG_WARN_ENUM_CONVERSION = YES;
				CLANG_WARN_INT_CONVERSION = YES;
				CLANG_WARN_OBJC_ROOT_CLASS = YES_ERROR;
				CLANG_WARN_UNREACHABLE_CODE = YES;
				CLANG_WARN__DUPLICATE_METHOD_MATCH = YES;
				"CODE_SIGN_IDENTITY[sdk=iphoneos*]" = "iPhone Developer";
				COPY_PHASE_STRIP = NO;
				ENABLE_STRICT_OBJC_MSGSEND = YES;
				GCC_C_LANGUAGE_STANDARD = gnu99;
				GCC_DYNAMIC_NO_PIC = NO;
				GCC_OPTIMIZATION_LEVEL = 0;
				GCC_PREPROCESSOR_DEFINITIONS = (
					"DEBUG=1",
					"$(inherited)",
				);
				GCC_SYMBOLS_PRIVATE_EXTERN = NO;
				GCC_WARN_64_TO_32_BIT_CONVERSION = YES;
				GCC_WARN_ABOUT_RETURN_TYPE = YES_ERROR;
				GCC_WARN_UNDECLARED_SELECTOR = YES;
				GCC_WARN_UNINITIALIZED_AUTOS = YES_AGGRESSIVE;
				GCC_WARN_UNUSED_FUNCTION = YES;
				GCC_WARN_UNUSED_VARIABLE = YES;
				IPHONEOS_DEPLOYMENT_TARGET = 8.0;
				MTL_ENABLE_DEBUG_INFO = YES;
				ONLY_ACTIVE_ARCH = YES;
				SDKROOT = iphoneos;
				SWIFT_OPTIMIZATION_LEVEL = "-Onone";
			};
			name = Debug;
		};
		DCF85C6619CF8505005497FF /* Release */ = {
			isa = XCBuildConfiguration;
			buildSettings = {
				ALWAYS_SEARCH_USER_PATHS = NO;
				CLANG_CXX_LANGUAGE_STANDARD = "gnu++0x";
				CLANG_CXX_LIBRARY = "libc++";
				CLANG_ENABLE_MODULES = YES;
				CLANG_ENABLE_OBJC_ARC = YES;
				CLANG_WARN_BOOL_CONVERSION = YES;
				CLANG_WARN_CONSTANT_CONVERSION = YES;
				CLANG_WARN_DIRECT_OBJC_ISA_USAGE = YES_ERROR;
				CLANG_WARN_EMPTY_BODY = YES;
				CLANG_WARN_ENUM_CONVERSION = YES;
				CLANG_WARN_INT_CONVERSION = YES;
				CLANG_WARN_OBJC_ROOT_CLASS = YES_ERROR;
				CLANG_WARN_UNREACHABLE_CODE = YES;
				CLANG_WARN__DUPLICATE_METHOD_MATCH = YES;
				"CODE_SIGN_IDENTITY[sdk=iphoneos*]" = "iPhone Developer";
				COPY_PHASE_STRIP = YES;
				ENABLE_NS_ASSERTIONS = NO;
				ENABLE_STRICT_OBJC_MSGSEND = YES;
				GCC_C_LANGUAGE_STANDARD = gnu99;
				GCC_WARN_64_TO_32_BIT_CONVERSION = YES;
				GCC_WARN_ABOUT_RETURN_TYPE = YES_ERROR;
				GCC_WARN_UNDECLARED_SELECTOR = YES;
				GCC_WARN_UNINITIALIZED_AUTOS = YES_AGGRESSIVE;
				GCC_WARN_UNUSED_FUNCTION = YES;
				GCC_WARN_UNUSED_VARIABLE = YES;
				IPHONEOS_DEPLOYMENT_TARGET = 8.0;
				MTL_ENABLE_DEBUG_INFO = NO;
				SDKROOT = iphoneos;
				VALIDATE_PRODUCT = YES;
			};
			name = Release;
		};
		DCF85C6819CF8505005497FF /* Debug */ = {
			isa = XCBuildConfiguration;
			buildSettings = {
				ASSETCATALOG_COMPILER_APPICON_NAME = AppIcon;
				ASSETCATALOG_COMPILER_LAUNCHIMAGE_NAME = LaunchImage;
				INFOPLIST_FILE = DropdownList/Info.plist;
				LD_RUNPATH_SEARCH_PATHS = "$(inherited) @executable_path/Frameworks";
				PRODUCT_NAME = "$(TARGET_NAME)";
			};
			name = Debug;
		};
		DCF85C6919CF8505005497FF /* Release */ = {
			isa = XCBuildConfiguration;
			buildSettings = {
				ASSETCATALOG_COMPILER_APPICON_NAME = AppIcon;
				ASSETCATALOG_COMPILER_LAUNCHIMAGE_NAME = LaunchImage;
				INFOPLIST_FILE = DropdownList/Info.plist;
				LD_RUNPATH_SEARCH_PATHS = "$(inherited) @executable_path/Frameworks";
				PRODUCT_NAME = "$(TARGET_NAME)";
			};
			name = Release;
		};
		DCF85C6B19CF8505005497FF /* Debug */ = {
			isa = XCBuildConfiguration;
			buildSettings = {
				BUNDLE_LOADER = "$(TEST_HOST)";
				FRAMEWORK_SEARCH_PATHS = (
					"$(SDKROOT)/Developer/Library/Frameworks",
					"$(inherited)",
				);
				GCC_PREPROCESSOR_DEFINITIONS = (
					"DEBUG=1",
					"$(inherited)",
				);
				INFOPLIST_FILE = DropdownListTests/Info.plist;
				LD_RUNPATH_SEARCH_PATHS = "$(inherited) @executable_path/Frameworks @loader_path/Frameworks";
				PRODUCT_NAME = "$(TARGET_NAME)";
				TEST_HOST = "$(BUILT_PRODUCTS_DIR)/DropdownList.app/DropdownList";
			};
			name = Debug;
		};
		DCF85C6C19CF8505005497FF /* Release */ = {
			isa = XCBuildConfiguration;
			buildSettings = {
				BUNDLE_LOADER = "$(TEST_HOST)";
				FRAMEWORK_SEARCH_PATHS = (
					"$(SDKROOT)/Developer/Library/Frameworks",
					"$(inherited)",
				);
				INFOPLIST_FILE = DropdownListTests/Info.plist;
				LD_RUNPATH_SEARCH_PATHS = "$(inherited) @executable_path/Frameworks @loader_path/Frameworks";
				PRODUCT_NAME = "$(TARGET_NAME)";
				TEST_HOST = "$(BUILT_PRODUCTS_DIR)/DropdownList.app/DropdownList";
			};
			name = Release;
		};
/* End XCBuildConfiguration section */

/* Begin XCConfigurationList section */
		DCF85C4619CF8505005497FF /* Build configuration list for PBXProject "DropdownList" */ = {
			isa = XCConfigurationList;
			buildConfigurations = (
				DCF85C6519CF8505005497FF /* Debug */,
				DCF85C6619CF8505005497FF /* Release */,
			);
			defaultConfigurationIsVisible = 0;
			defaultConfigurationName = Release;
		};
		DCF85C6719CF8505005497FF /* Build configuration list for PBXNativeTarget "DropdownList" */ = {
			isa = XCConfigurationList;
			buildConfigurations = (
				DCF85C6819CF8505005497FF /* Debug */,
				DCF85C6919CF8505005497FF /* Release */,
			);
			defaultConfigurationIsVisible = 0;
		};
		DCF85C6A19CF8505005497FF /* Build configuration list for PBXNativeTarget "DropdownListTests" */ = {
			isa = XCConfigurationList;
			buildConfigurations = (
				DCF85C6B19CF8505005497FF /* Debug */,
				DCF85C6C19CF8505005497FF /* Release */,
			);
			defaultConfigurationIsVisible = 0;
		};
/* End XCConfigurationList section */
	};
	rootObject = DCF85C4319CF8505005497FF /* Project object */;
}
